<?xml version="1.0" encoding="utf-8"?>
<Project ToolsVersion="4.0" xmlns="http://schemas.microsoft.com/developer/msbuild/2003">
  <ItemGroup>
    <Filter Include="Source Files">
      <UniqueIdentifier>{4FC737F1-C7A5-4376-A066-2A32D752A2FF}</UniqueIdentifier>
      <Extensions>cpp;c;cc;cxx;c++;cppm;ixx;def;odl;idl;hpj;bat;asm;asmx</Extensions>
    </Filter>
    <Filter Include="Header Files">
      <UniqueIdentifier>{93995380-89BD-4b04-88EB-625FBE52EBFB}</UniqueIdentifier>
      <Extensions>h;hh;hpp;hxx;h++;hm;inl;inc;ipp;xsd</Extensions>
    </Filter>
    <Filter Include="Resource Files">
      <UniqueIdentifier>{67DA6AB6-F800-4c08-8B7A-83BB121AAD01}</UniqueIdentifier>
      <Extensions>rc;ico;cur;bmp;dlg;rc2;rct;bin;rgs;gif;jpg;jpeg;jpe;resx;tiff;tif;png;wav;mfcribbon-ms</Extensions>
    </Filter>
  </ItemGroup>
  <ItemGroup>
    <ClInclude Include="TrackMania.h">
      <Filter>Header Files</Filter>
    </ClInclude>
    <ClInclude Include="minhook\buffer.h">
      <Filter>Header Files</Filter>
    </ClInclude>
    <ClInclude Include="imgui-dx9\imconfig.h">
      <Filter>Header Files</Filter>
    </ClInclude>
    <ClInclude Include="imgui-dx9\imgui.h">
      <Filter>Header Files</Filter>
    </ClInclude>
    <ClInclude Include="imgui-dx9\imgui_impl_dx9.h">
      <Filter>Header Files</Filter>
    </ClInclude>
    <ClInclude Include="imgui-dx9\imgui_impl_win32.h">
      <Filter>Header Files</Filter>
    </ClInclude>
    <ClInclude Include="imgui-dx9\imgui_internal.h">
      <Filter>Header Files</Filter>
    </ClInclude>
    <ClInclude Include="imgui-dx9\imstb_rectpack.h">
      <Filter>Header Files</Filter>
    </ClInclude>
    <ClInclude Include="imgui-dx9\imstb_textedit.h">
      <Filter>Header Files</Filter>
    </ClInclude>
    <ClInclude Include="imgui-dx9\imstb_truetype.h">
      <Filter>Header Files</Filter>
    </ClInclude>
    <ClInclude Include="kiero\kiero.h">
      <Filter>Header Files</Filter>
    </ClInclude>
    <ClInclude Include="kiero\minhook\include\MinHook.h">
      <Filter>Header Files</Filter>
    </ClInclude>
    <ClInclude Include="kiero\minhook\src\hde\hde32.h">
      <Filter>Header Files</Filter>
    </ClInclude>
    <ClInclude Include="kiero\minhook\src\hde\hde64.h">
      <Filter>Header Files</Filter>
    </ClInclude>
    <ClInclude Include="kiero\minhook\src\hde\pstdint.h">
      <Filter>Header Files</Filter>
    </ClInclude>
    <ClInclude Include="kiero\minhook\src\hde\table32.h">
      <Filter>Header Files</Filter>
    </ClInclude>
    <ClInclude Include="kiero\minhook\src\hde\table64.h">
      <Filter>Header Files</Filter>
    </ClInclude>
    <ClInclude Include="kiero\minhook\src\buffer.h">
      <Filter>Header Files</Filter>
    </ClInclude>
    <ClInclude Include="kiero\minhook\src\trampoline.h">
      <Filter>Header Files</Filter>
    </ClInclude>
    <ClInclude Include="Version.h">
      <Filter>Header Files</Filter>
    </ClInclude>
    <ClInclude Include="Release\Settings.h">
      <Filter>Header Files</Filter>
    </ClInclude>
    <ClInclude Include="mINI\ini.h">
      <Filter>Header Files</Filter>
    </ClInclude>
    <ClInclude Include="IModule.h">
      <Filter>Header Files</Filter>
    </ClInclude>
    <ClInclude Include="Modules\PlayerInfo\PlayerInfo.h">
      <Filter>Header Files</Filter>
    </ClInclude>
    <ClInclude Include="Modules\Medals\Medals.h">
      <Filter>Header Files</Filter>
    </ClInclude>
    <ClInclude Include="Utils.h">
      <Filter>Header Files</Filter>
    </ClInclude>
    <ClInclude Include="Modules\Dashboard\DashboardTacho.h">
      <Filter>Header Files</Filter>
    </ClInclude>
    <ClInclude Include="Modules\Dashboard\DashboardInputs.h">
      <Filter>Header Files</Filter>
    </ClInclude>
    <ClInclude Include="Modules\CheckpointCounter\CheckpointCounter.h">
      <Filter>Header Files</Filter>
    </ClInclude>
    <ClInclude Include="TwinkLogs.h">
      <Filter>Header Files</Filter>
    </ClInclude>
    <ClInclude Include="Modules\Dashboard\DashboardGears.h">
      <Filter>Header Files</Filter>
    </ClInclude>
    <ClInclude Include="Modules\Tweaker\Tweaker.h">
      <Filter>Header Files</Filter>
    </ClInclude>
    <ClInclude Include="nvg-dx9\fontstash.h">
      <Filter>Header Files</Filter>
    </ClInclude>
    <ClInclude Include="nvg-dx9\stb_image.h">
      <Filter>Header Files</Filter>
    </ClInclude>
    <ClInclude Include="nvg-dx9\stb_truetype.h">
      <Filter>Header Files</Filter>
    </ClInclude>
    <ClInclude Include="Telemetry.h">
      <Filter>Header Files</Filter>
    </ClInclude>
    <ClInclude Include="Modules\Telemetry\Telemetry.h">
      <Filter>Header Files</Filter>
    </ClInclude>
    <ClInclude Include="Modules\DownloadServerMaps\DownloadServerMaps.h">
      <Filter>Header Files</Filter>
    </ClInclude>
    <ClInclude Include="Modules\AlwaysOfficial\AlwaysOfficial.h">
      <Filter>Header Files</Filter>
    </ClInclude>
    <ClInclude Include="Modules\About\About.h">
      <Filter>Header Files</Filter>
    </ClInclude>
    <ClInclude Include="Modules\GhostEditor\GhostEditor.h">
      <Filter>Header Files</Filter>
    </ClInclude>
    <ClInclude Include="GlyphTable\IconsForkAwesome.h">
      <Filter>Header Files</Filter>
    </ClInclude>
    <ClInclude Include="GlyphTable\IconsKenney.h">
      <Filter>Header Files</Filter>
    </ClInclude>
    <ClInclude Include="Modules\SplitSpeeds\SplitSpeeds.h">
      <Filter>Header Files</Filter>
    </ClInclude>
    <ClInclude Include="Modules\GrindingStats\GrindingStats.h">
      <Filter>Header Files</Filter>
    </ClInclude>
    <ClInclude Include="LuaEngine\LuaEngine2.h">
      <Filter>Header Files</Filter>
    </ClInclude>
    <ClInclude Include="LuaEngine\include\lauxlib.h">
      <Filter>Header Files</Filter>
    </ClInclude>
    <ClInclude Include="LuaEngine\include\lua.h">
      <Filter>Header Files</Filter>
    </ClInclude>
    <ClInclude Include="LuaEngine\include\lua.hpp">
      <Filter>Header Files</Filter>
    </ClInclude>
    <ClInclude Include="LuaEngine\include\luaconf.h">
      <Filter>Header Files</Filter>
    </ClInclude>
    <ClInclude Include="LuaEngine\include\lualib.h">
      <Filter>Header Files</Filter>
    </ClInclude>
    <ClInclude Include="Modules\LuaConsole\LuaConsole.h">
      <Filter>Header Files</Filter>
    </ClInclude>
    <ClInclude Include="TwinkLuaMgr\TwinkLuaMgr.h">
      <Filter>Header Files</Filter>
    </ClInclude>
    <ClInclude Include="TwinkLuaMgr\ILuaModule.h">
      <Filter>Header Files</Filter>
    </ClInclude>
    <ClInclude Include="Modules\StadiumTrailsPatch\StadiumTrailsPatch.h">
      <Filter>Header Files</Filter>
    </ClInclude>
    <ClInclude Include="TmForeverLib\TmForever.h">
      <Filter>Header Files</Filter>
    </ClInclude>
    <ClInclude Include="TwinkUi\TwinkUi.h">
      <Filter>Header Files</Filter>
    </ClInclude>
    <ClInclude Include="SettingMgr\SettingMgr.h">
      <Filter>Header Files</Filter>
    </ClInclude>
    <ClInclude Include="TwinkTrackmania\TwinkTrackmania.h">
      <Filter>Header Files</Filter>
    </ClInclude>
    <ClInclude Include="TwinkIo\TwinkIo.h">
      <Filter>Header Files</Filter>
    </ClInclude>
    <ClInclude Include="Modules\MapValidator\MapValidator.h">
      <Filter>Header Files</Filter>
    </ClInclude>
  </ItemGroup>
  <ItemGroup>
    <ClCompile Include="dllmain.cpp">
      <Filter>Source Files</Filter>
    </ClCompile>
    <ClCompile Include="imgui-dx9\imgui.cpp">
      <Filter>Source Files</Filter>
    </ClCompile>
    <ClCompile Include="imgui-dx9\imgui_demo.cpp">
      <Filter>Source Files</Filter>
    </ClCompile>
    <ClCompile Include="imgui-dx9\imgui_draw.cpp">
      <Filter>Source Files</Filter>
    </ClCompile>
    <ClCompile Include="imgui-dx9\imgui_impl_dx9.cpp">
      <Filter>Source Files</Filter>
    </ClCompile>
    <ClCompile Include="imgui-dx9\imgui_impl_win32.cpp">
      <Filter>Source Files</Filter>
    </ClCompile>
    <ClCompile Include="imgui-dx9\imgui_tables.cpp">
      <Filter>Source Files</Filter>
    </ClCompile>
    <ClCompile Include="imgui-dx9\imgui_widgets.cpp">
      <Filter>Source Files</Filter>
    </ClCompile>
    <ClCompile Include="kiero\kiero.cpp">
      <Filter>Source Files</Filter>
    </ClCompile>
    <ClCompile Include="kiero\minhook\src\hde\hde32.c">
      <Filter>Source Files</Filter>
    </ClCompile>
    <ClCompile Include="kiero\minhook\src\hde\hde64.c">
      <Filter>Source Files</Filter>
    </ClCompile>
    <ClCompile Include="kiero\minhook\src\buffer.c">
      <Filter>Source Files</Filter>
    </ClCompile>
    <ClCompile Include="kiero\minhook\src\hook.c">
      <Filter>Source Files</Filter>
    </ClCompile>
    <ClCompile Include="kiero\minhook\src\trampoline.c">
      <Filter>Source Files</Filter>
    </ClCompile>
    <ClCompile Include="Modules\Telemetry\Telemetry.cpp">
      <Filter>Source Files</Filter>
    </ClCompile>
    <ClCompile Include="Modules\AlwaysOfficial\AlwaysOfficial.cpp">
      <Filter>Source Files</Filter>
    </ClCompile>
    <ClCompile Include="Modules\DownloadServerMaps\DownloadServerMaps.cpp">
      <Filter>Source Files</Filter>
    </ClCompile>
    <ClCompile Include="Modules\About\About.cpp">
      <Filter>Source Files</Filter>
    </ClCompile>
    <ClCompile Include="Modules\GhostEditor\GhostEditor.cpp">
      <Filter>Source Files</Filter>
    </ClCompile>
    <ClCompile Include="Modules\Dashboard\DashboardGears.cpp">
      <Filter>Source Files</Filter>
    </ClCompile>
    <ClCompile Include="Modules\Dashboard\DashboardInputs.cpp">
      <Filter>Source Files</Filter>
    </ClCompile>
    <ClCompile Include="Modules\Dashboard\DashboardTacho.cpp">
      <Filter>Source Files</Filter>
    </ClCompile>
    <ClCompile Include="Modules\Medals\Medals.cpp">
      <Filter>Source Files</Filter>
    </ClCompile>
    <ClCompile Include="Modules\CheckpointCounter\CheckpointCounter.cpp">
      <Filter>Source Files</Filter>
    </ClCompile>
    <ClCompile Include="Modules\PlayerInfo\PlayerInfo.cpp">
      <Filter>Source Files</Filter>
    </ClCompile>
    <ClCompile Include="Modules\Tweaker\Tweaker.cpp">
      <Filter>Source Files</Filter>
    </ClCompile>
    <ClCompile Include="Modules\SplitSpeeds\SplitSpeeds.cpp">
      <Filter>Source Files</Filter>
    </ClCompile>
    <ClCompile Include="Modules\GrindingStats\GrindingStats.cpp">
      <Filter>Source Files</Filter>
    </ClCompile>
    <ClCompile Include="Modules\LuaConsole\LuaConsole.cpp">
      <Filter>Source Files</Filter>
    </ClCompile>
    <ClCompile Include="TwinkLuaMgr\TwinkLuaMgr.cpp">
      <Filter>Source Files</Filter>
    </ClCompile>
    <ClCompile Include="Modules\StadiumTrailsPatch\StadiumTrailsPatch.cpp">
      <Filter>Source Files</Filter>
    </ClCompile>
    <ClCompile Include="TwinkUi\TwinkUi.cpp">
      <Filter>Source Files</Filter>
    </ClCompile>
    <ClCompile Include="SettingMgr\SettingMgr.cpp">
      <Filter>Source Files</Filter>
    </ClCompile>
    <ClCompile Include="TwinkTrackmania\TwinkTrackmania.cpp">
      <Filter>Source Files</Filter>
    </ClCompile>
    <ClCompile Include="TwinkIo\TwinkIo.cpp">
      <Filter>Source Files</Filter>
    </ClCompile>
    <ClCompile Include="Modules\MapValidator\MapValidator.cpp">
      <Filter>Source Files</Filter>
    </ClCompile>
  </ItemGroup>
  <ItemGroup>
    <None Include="kiero\minhook\dll_resources\MinHook.def">
      <Filter>Source Files</Filter>
    </None>
    <None Include="TmForeverLib\TmForever.def">
      <Filter>Source Files</Filter>
    </None>
  </ItemGroup>
  <ItemGroup>
    <ResourceCompile Include="kiero\minhook\dll_resources\MinHook.rc">
      <Filter>Resource Files</Filter>
    </ResourceCompile>
  </ItemGroup>
</Project>